
Microsoft Visual Studio Solution File, Format Version 12.00
# Visual Studio Version 16
VisualStudioVersion = 16.0.31229.75
MinimumVisualStudioVersion = 10.0.40219.1
Project("{FAE04EC0-301F-11D3-BF4B-00C04F79EFBC}") = "L3Z3-L3Z4", "L3Z3-L3Z4\L3Z3-L3Z4.csproj", "{C7E8F299-420C-484A-B5E7-13CC2DD6AE8A}"
EndProject
Global
	GlobalSection(SolutionConfigurationPlatforms) = preSolution
		Debug|Any CPU = Debug|Any CPU
		Release|Any CPU = Release|Any CPU
	EndGlobalSection
	GlobalSection(ProjectConfigurationPlatforms) = postSolution
		{C7E8F299-420C-484A-B5E7-13CC2DD6AE8A}.Debug|Any CPU.ActiveCfg = Debug|Any CPU
		{C7E8F299-420C-484A-B5E7-13CC2DD6AE8A}.Debug|Any CPU.Build.0 = Debug|Any CPU
		{C7E8F299-420C-484A-B5E7-13CC2DD6AE8A}.Release|Any CPU.ActiveCfg = Release|Any CPU
		{C7E8F299-420C-484A-B5E7-13CC2DD6AE8A}.Release|Any CPU.Build.0 = Release|Any CPU
	EndGlobalSection
	GlobalSection(SolutionProperties) = preSolution
		HideSolutionNode = FALSE
	EndGlobalSection
	GlobalSection(ExtensibilityGlobals) = postSolution
		SolutionGuid = {61660046-09AF-4C0A-9A8C-58532A5D5122}
	EndGlobalSection
EndGlobal
